// !$*UTF8*$!
{
	archiveVersion = 1;
	classes = {
	};
	objectVersion = 46;
	objects = {

/* Begin PBXBuildFile section */
		93792E101E32A4A1005EA341 /* AppDelegate.swift in Sources */ = {isa = PBXBuildFile; fileRef = 93792E0F1E32A4A1005EA341 /* AppDelegate.swift */; };
		93792E121E32A4A1005EA341 /* CameraVC.swift in Sources */ = {isa = PBXBuildFile; fileRef = 93792E111E32A4A1005EA341 /* CameraVC.swift */; };
		93792E151E32A4A1005EA341 /* Main.storyboard in Resources */ = {isa = PBXBuildFile; fileRef = 93792E131E32A4A1005EA341 /* Main.storyboard */; };
		93792E171E32A4A1005EA341 /* Assets.xcassets in Resources */ = {isa = PBXBuildFile; fileRef = 93792E161E32A4A1005EA341 /* Assets.xcassets */; };
		93792E1A1E32A4A1005EA341 /* LaunchScreen.storyboard in Resources */ = {isa = PBXBuildFile; fileRef = 93792E181E32A4A1005EA341 /* LaunchScreen.storyboard */; };
		93792E241E32B2F8005EA341 /* CameraViewController.swift in Sources */ = {isa = PBXBuildFile; fileRef = 93792E231E32B2F8005EA341 /* CameraViewController.swift */; };
		93792E261E32B31C005EA341 /* PhotoCaptureDelegate.swift in Sources */ = {isa = PBXBuildFile; fileRef = 93792E251E32B31C005EA341 /* PhotoCaptureDelegate.swift */; };
		93792E281E32B321005EA341 /* PreviewView.swift in Sources */ = {isa = PBXBuildFile; fileRef = 93792E271E32B321005EA341 /* PreviewView.swift */; };
		93BC4AFB1E4E220A00342818 /* CameraViewControllerDelegate.swift in Sources */ = {isa = PBXBuildFile; fileRef = 93BC4AFA1E4E220A00342818 /* CameraViewControllerDelegate.swift */; };
		93BC4AFD1E4E3FAF00342818 /* GoogleService-Info.plist in Resources */ = {isa = PBXBuildFile; fileRef = 93BC4AFC1E4E3FAF00342818 /* GoogleService-Info.plist */; };
		93BC4AFF1E4E774C00342818 /* RoundTextField.swift in Sources */ = {isa = PBXBuildFile; fileRef = 93BC4AFE1E4E774C00342818 /* RoundTextField.swift */; };
		93BC4B031E4E80C500342818 /* RoundedButton.swift in Sources */ = {isa = PBXBuildFile; fileRef = 93BC4B021E4E80C500342818 /* RoundedButton.swift */; };
		93BC4B051E4E849D00342818 /* LoginVC.swift in Sources */ = {isa = PBXBuildFile; fileRef = 93BC4B041E4E849D00342818 /* LoginVC.swift */; };
		93BC4B081E4E897100342818 /* AuthService.swift in Sources */ = {isa = PBXBuildFile; fileRef = 93BC4B071E4E897100342818 /* AuthService.swift */; };
		93BC4B0B1E4E97F500342818 /* DataService.swift in Sources */ = {isa = PBXBuildFile; fileRef = 93BC4B0A1E4E97F500342818 /* DataService.swift */; };
		93BC4B0D1E4E9B8D00342818 /* UsersVC.swift in Sources */ = {isa = PBXBuildFile; fileRef = 93BC4B0C1E4E9B8D00342818 /* UsersVC.swift */; };
		93BC4B0F1E4E9CB600342818 /* UserCell.swift in Sources */ = {isa = PBXBuildFile; fileRef = 93BC4B0E1E4E9CB600342818 /* UserCell.swift */; };
		93BC4B111E4EA00E00342818 /* User.swift in Sources */ = {isa = PBXBuildFile; fileRef = 93BC4B101E4EA00E00342818 /* User.swift */; };
		93BC4B151E4EA21E00342818 /* Constants.swift in Sources */ = {isa = PBXBuildFile; fileRef = 93BC4B141E4EA21E00342818 /* Constants.swift */; };
		AA9D4F00E4F0135E53A592C8 /* Pods_SnapchatCloneFirebase.framework in Frameworks */ = {isa = PBXBuildFile; fileRef = C97E9632FE728A0560D675D6 /* Pods_SnapchatCloneFirebase.framework */; };
/* End PBXBuildFile section */

/* Begin PBXFileReference section */
		91FEDE2BB80E0F151E8B6051 /* Pods-SnapchatCloneFirebase.debug.xcconfig */ = {isa = PBXFileReference; includeInIndex = 1; lastKnownFileType = text.xcconfig; name = "Pods-SnapchatCloneFirebase.debug.xcconfig"; path = "Pods/Target Support Files/Pods-SnapchatCloneFirebase/Pods-SnapchatCloneFirebase.debug.xcconfig"; sourceTree = "<group>"; };
		93792E0C1E32A4A1005EA341 /* SnapchatCloneFirebase.app */ = {isa = PBXFileReference; explicitFileType = wrapper.application; includeInIndex = 0; path = SnapchatCloneFirebase.app; sourceTree = BUILT_PRODUCTS_DIR; };
		93792E0F1E32A4A1005EA341 /* AppDelegate.swift */ = {isa = PBXFileReference; lastKnownFileType = sourcecode.swift; path = AppDelegate.swift; sourceTree = "<group>"; };
		93792E111E32A4A1005EA341 /* CameraVC.swift */ = {isa = PBXFileReference; lastKnownFileType = sourcecode.swift; path = CameraVC.swift; sourceTree = "<group>"; };
		93792E141E32A4A1005EA341 /* Base */ = {isa = PBXFileReference; lastKnownFileType = file.storyboard; name = Base; path = Base.lproj/Main.storyboard; sourceTree = "<group>"; };
		93792E161E32A4A1005EA341 /* Assets.xcassets */ = {isa = PBXFileReference; lastKnownFileType = folder.assetcatalog; path = Assets.xcassets; sourceTree = "<group>"; };
		93792E191E32A4A1005EA341 /* Base */ = {isa = PBXFileReference; lastKnownFileType = file.storyboard; name = Base; path = Base.lproj/LaunchScreen.storyboard; sourceTree = "<group>"; };
		93792E1B1E32A4A2005EA341 /* Info.plist */ = {isa = PBXFileReference; lastKnownFileType = text.plist.xml; path = Info.plist; sourceTree = "<group>"; };
		93792E231E32B2F8005EA341 /* CameraViewController.swift */ = {isa = PBXFileReference; fileEncoding = 4; lastKnownFileType = sourcecode.swift; path = CameraViewController.swift; sourceTree = "<group>"; };
		93792E251E32B31C005EA341 /* PhotoCaptureDelegate.swift */ = {isa = PBXFileReference; fileEncoding = 4; lastKnownFileType = sourcecode.swift; path = PhotoCaptureDelegate.swift; sourceTree = "<group>"; };
		93792E271E32B321005EA341 /* PreviewView.swift */ = {isa = PBXFileReference; fileEncoding = 4; lastKnownFileType = sourcecode.swift; path = PreviewView.swift; sourceTree = "<group>"; };
		93BC4AFA1E4E220A00342818 /* CameraViewControllerDelegate.swift */ = {isa = PBXFileReference; fileEncoding = 4; lastKnownFileType = sourcecode.swift; path = CameraViewControllerDelegate.swift; sourceTree = "<group>"; };
		93BC4AFC1E4E3FAF00342818 /* GoogleService-Info.plist */ = {isa = PBXFileReference; fileEncoding = 4; lastKnownFileType = text.plist.xml; path = "GoogleService-Info.plist"; sourceTree = "<group>"; };
		93BC4AFE1E4E774C00342818 /* RoundTextField.swift */ = {isa = PBXFileReference; fileEncoding = 4; lastKnownFileType = sourcecode.swift; path = RoundTextField.swift; sourceTree = "<group>"; };
		93BC4B021E4E80C500342818 /* RoundedButton.swift */ = {isa = PBXFileReference; fileEncoding = 4; lastKnownFileType = sourcecode.swift; path = RoundedButton.swift; sourceTree = "<group>"; };
		93BC4B041E4E849D00342818 /* LoginVC.swift */ = {isa = PBXFileReference; fileEncoding = 4; lastKnownFileType = sourcecode.swift; path = LoginVC.swift; sourceTree = "<group>"; };
		93BC4B071E4E897100342818 /* AuthService.swift */ = {isa = PBXFileReference; fileEncoding = 4; lastKnownFileType = sourcecode.swift; path = AuthService.swift; sourceTree = "<group>"; };
		93BC4B0A1E4E97F500342818 /* DataService.swift */ = {isa = PBXFileReference; fileEncoding = 4; lastKnownFileType = sourcecode.swift; path = DataService.swift; sourceTree = "<group>"; };
		93BC4B0C1E4E9B8D00342818 /* UsersVC.swift */ = {isa = PBXFileReference; fileEncoding = 4; lastKnownFileType = sourcecode.swift; path = UsersVC.swift; sourceTree = "<group>"; };
		93BC4B0E1E4E9CB600342818 /* UserCell.swift */ = {isa = PBXFileReference; fileEncoding = 4; lastKnownFileType = sourcecode.swift; path = UserCell.swift; sourceTree = "<group>"; };
		93BC4B101E4EA00E00342818 /* User.swift */ = {isa = PBXFileReference; fileEncoding = 4; lastKnownFileType = sourcecode.swift; path = User.swift; sourceTree = "<group>"; };
		93BC4B141E4EA21E00342818 /* Constants.swift */ = {isa = PBXFileReference; fileEncoding = 4; lastKnownFileType = sourcecode.swift; path = Constants.swift; sourceTree = "<group>"; };
		BC862506F03F757241CAC850 /* Pods-SnapchatCloneFirebase.release.xcconfig */ = {isa = PBXFileReference; includeInIndex = 1; lastKnownFileType = text.xcconfig; name = "Pods-SnapchatCloneFirebase.release.xcconfig"; path = "Pods/Target Support Files/Pods-SnapchatCloneFirebase/Pods-SnapchatCloneFirebase.release.xcconfig"; sourceTree = "<group>"; };
		C97E9632FE728A0560D675D6 /* Pods_SnapchatCloneFirebase.framework */ = {isa = PBXFileReference; explicitFileType = wrapper.framework; includeInIndex = 0; path = Pods_SnapchatCloneFirebase.framework; sourceTree = BUILT_PRODUCTS_DIR; };
/* End PBXFileReference section */

/* Begin PBXFrameworksBuildPhase section */
		93792E091E32A4A1005EA341 /* Frameworks */ = {
			isa = PBXFrameworksBuildPhase;
			buildActionMask = 2147483647;
			files = (
				AA9D4F00E4F0135E53A592C8 /* Pods_SnapchatCloneFirebase.framework in Frameworks */,
			);
			runOnlyForDeploymentPostprocessing = 0;
		};
/* End PBXFrameworksBuildPhase section */

/* Begin PBXGroup section */
		5A09E4B6C2071E9E121CF5E7 /* Frameworks */ = {
			isa = PBXGroup;
			children = (
				C97E9632FE728A0560D675D6 /* Pods_SnapchatCloneFirebase.framework */,
			);
			name = Frameworks;
			sourceTree = "<group>";
		};
		93792E031E32A4A1005EA341 = {
			isa = PBXGroup;
			children = (
				93792E0E1E32A4A1005EA341 /* SnapchatCloneFirebase */,
				93792E0D1E32A4A1005EA341 /* Products */,
				CBFCD4FC63B977057D26B870 /* Pods */,
				5A09E4B6C2071E9E121CF5E7 /* Frameworks */,
			);
			sourceTree = "<group>";
		};
		93792E0D1E32A4A1005EA341 /* Products */ = {
			isa = PBXGroup;
			children = (
				93792E0C1E32A4A1005EA341 /* SnapchatCloneFirebase.app */,
			);
			name = Products;
			sourceTree = "<group>";
		};
		93792E0E1E32A4A1005EA341 /* SnapchatCloneFirebase */ = {
			isa = PBXGroup;
			children = (
				93BC4B131E4EA20900342818 /* Util */,
				93BC4B121E4EA1FC00342818 /* Model */,
				93BC4B061E4E894D00342818 /* Services */,
				93BC4AF71E4E217B00342818 /* Protocols */,
				93792E221E32B069005EA341 /* View */,
				93792E211E32B059005EA341 /* Controller */,
				93792E0F1E32A4A1005EA341 /* AppDelegate.swift */,
				93792E131E32A4A1005EA341 /* Main.storyboard */,
				93792E161E32A4A1005EA341 /* Assets.xcassets */,
				93792E181E32A4A1005EA341 /* LaunchScreen.storyboard */,
				93792E1B1E32A4A2005EA341 /* Info.plist */,
				93BC4AFC1E4E3FAF00342818 /* GoogleService-Info.plist */,
			);
			path = SnapchatCloneFirebase;
			sourceTree = "<group>";
		};
		93792E211E32B059005EA341 /* Controller */ = {
			isa = PBXGroup;
			children = (
				93792E111E32A4A1005EA341 /* CameraVC.swift */,
				93792E231E32B2F8005EA341 /* CameraViewController.swift */,
				93BC4B041E4E849D00342818 /* LoginVC.swift */,
				93BC4B0C1E4E9B8D00342818 /* UsersVC.swift */,
			);
			name = Controller;
			sourceTree = "<group>";
		};
		93792E221E32B069005EA341 /* View */ = {
			isa = PBXGroup;
			children = (
				93792E271E32B321005EA341 /* PreviewView.swift */,
				93792E251E32B31C005EA341 /* PhotoCaptureDelegate.swift */,
				93BC4AFE1E4E774C00342818 /* RoundTextField.swift */,
				93BC4B021E4E80C500342818 /* RoundedButton.swift */,
				93BC4B0E1E4E9CB600342818 /* UserCell.swift */,
			);
			name = View;
			sourceTree = "<group>";
		};
		93BC4AF71E4E217B00342818 /* Protocols */ = {
			isa = PBXGroup;
			children = (
				93BC4AFA1E4E220A00342818 /* CameraViewControllerDelegate.swift */,
			);
			name = Protocols;
			sourceTree = "<group>";
		};
		93BC4B061E4E894D00342818 /* Services */ = {
			isa = PBXGroup;
			children = (
				93BC4B071E4E897100342818 /* AuthService.swift */,
				93BC4B0A1E4E97F500342818 /* DataService.swift */,
			);
			name = Services;
			sourceTree = "<group>";
		};
		93BC4B121E4EA1FC00342818 /* Model */ = {
			isa = PBXGroup;
			children = (
				93BC4B101E4EA00E00342818 /* User.swift */,
			);
			name = Model;
			sourceTree = "<group>";
		};
		93BC4B131E4EA20900342818 /* Util */ = {
			isa = PBXGroup;
			children = (
				93BC4B141E4EA21E00342818 /* Constants.swift */,
			);
			name = Util;
			sourceTree = "<group>";
		};
		CBFCD4FC63B977057D26B870 /* Pods */ = {
			isa = PBXGroup;
			children = (
				91FEDE2BB80E0F151E8B6051 /* Pods-SnapchatCloneFirebase.debug.xcconfig */,
				BC862506F03F757241CAC850 /* Pods-SnapchatCloneFirebase.release.xcconfig */,
			);
			name = Pods;
			sourceTree = "<group>";
		};
/* End PBXGroup section */

/* Begin PBXNativeTarget section */
		93792E0B1E32A4A1005EA341 /* SnapchatCloneFirebase */ = {
			isa = PBXNativeTarget;
			buildConfigurationList = 93792E1E1E32A4A2005EA341 /* Build configuration list for PBXNativeTarget "SnapchatCloneFirebase" */;
			buildPhases = (
				6A7A23A07F7519FD7478BFE8 /* [CP] Check Pods Manifest.lock */,
				93792E081E32A4A1005EA341 /* Sources */,
				93792E091E32A4A1005EA341 /* Frameworks */,
				93792E0A1E32A4A1005EA341 /* Resources */,
				59172F43C752CA7D6D04FB15 /* [CP] Embed Pods Frameworks */,
				B0F0F5AF557B884E5EA4AC02 /* [CP] Copy Pods Resources */,
			);
			buildRules = (
			);
			dependencies = (
			);
			name = SnapchatCloneFirebase;
			productName = SnapchatCloneFirebase;
			productReference = 93792E0C1E32A4A1005EA341 /* SnapchatCloneFirebase.app */;
			productType = "com.apple.product-type.application";
		};
/* End PBXNativeTarget section */

/* Begin PBXProject section */
		93792E041E32A4A1005EA341 /* Project object */ = {
			isa = PBXProject;
			attributes = {
				LastSwiftUpdateCheck = 0820;
				LastUpgradeCheck = 0820;
				ORGANIZATIONNAME = YauheniIvaniuk;
				TargetAttributes = {
					93792E0B1E32A4A1005EA341 = {
						CreatedOnToolsVersion = 8.2;
						DevelopmentTeam = P2GURVV2B3;
						ProvisioningStyle = Automatic;
					};
				};
			};
			buildConfigurationList = 93792E071E32A4A1005EA341 /* Build configuration list for PBXProject "SnapchatCloneFirebase" */;
			compatibilityVersion = "Xcode 3.2";
			developmentRegion = English;
			hasScannedForEncodings = 0;
			knownRegions = (
				en,
				Base,
			);
			mainGroup = 93792E031E32A4A1005EA341;
			productRefGroup = 93792E0D1E32A4A1005EA341 /* Products */;
			projectDirPath = "";
			projectRoot = "";
			targets = (
				93792E0B1E32A4A1005EA341 /* SnapchatCloneFirebase */,
			);
		};
/* End PBXProject section */

/* Begin PBXResourcesBuildPhase section */
		93792E0A1E32A4A1005EA341 /* Resources */ = {
			isa = PBXResourcesBuildPhase;
			buildActionMask = 2147483647;
			files = (
				93792E1A1E32A4A1005EA341 /* LaunchScreen.storyboard in Resources */,
				93BC4AFD1E4E3FAF00342818 /* GoogleService-Info.plist in Resources */,
				93792E171E32A4A1005EA341 /* Assets.xcassets in Resources */,
				93792E151E32A4A1005EA341 /* Main.storyboard in Resources */,
			);
			runOnlyForDeploymentPostprocessing = 0;
		};
/* End PBXResourcesBuildPhase section */

/* Begin PBXShellScriptBuildPhase section */
		59172F43C752CA7D6D04FB15 /* [CP] Embed Pods Frameworks */ = {
			isa = PBXShellScriptBuildPhase;
			buildActionMask = 2147483647;
			files = (
			);
			inputPaths = (
			);
			name = "[CP] Embed Pods Frameworks";
			outputPaths = (
			);
			runOnlyForDeploymentPostprocessing = 0;
			shellPath = /bin/sh;
			shellScript = "\"${SRCROOT}/Pods/Target Support Files/Pods-SnapchatCloneFirebase/Pods-SnapchatCloneFirebase-frameworks.sh\"\n";
			showEnvVarsInLog = 0;
		};
		6A7A23A07F7519FD7478BFE8 /* [CP] Check Pods Manifest.lock */ = {
			isa = PBXShellScriptBuildPhase;
			buildActionMask = 2147483647;
			files = (
			);
			inputPaths = (
			);
			name = "[CP] Check Pods Manifest.lock";
			outputPaths = (
			);
			runOnlyForDeploymentPostprocessing = 0;
			shellPath = /bin/sh;
			shellScript = "diff \"${PODS_ROOT}/../Podfile.lock\" \"${PODS_ROOT}/Manifest.lock\" > /dev/null\nif [ $? != 0 ] ; then\n    # print error to STDERR\n    echo \"error: The sandbox is not in sync with the Podfile.lock. Run 'pod install' or update your CocoaPods installation.\" >&2\n    exit 1\nfi\n";
			showEnvVarsInLog = 0;
		};
		B0F0F5AF557B884E5EA4AC02 /* [CP] Copy Pods Resources */ = {
			isa = PBXShellScriptBuildPhase;
			buildActionMask = 2147483647;
			files = (
			);
			inputPaths = (
			);
			name = "[CP] Copy Pods Resources";
			outputPaths = (
			);
			runOnlyForDeploymentPostprocessing = 0;
			shellPath = /bin/sh;
			shellScript = "\"${SRCROOT}/Pods/Target Support Files/Pods-SnapchatCloneFirebase/Pods-SnapchatCloneFirebase-resources.sh\"\n";
			showEnvVarsInLog = 0;
		};
/* End PBXShellScriptBuildPhase section */

/* Begin PBXSourcesBuildPhase section */
		93792E081E32A4A1005EA341 /* Sources */ = {
			isa = PBXSourcesBuildPhase;
			buildActionMask = 2147483647;
			files = (
				93792E281E32B321005EA341 /* PreviewView.swift in Sources */,
				93BC4B0F1E4E9CB600342818 /* UserCell.swift in Sources */,
				93792E121E32A4A1005EA341 /* CameraVC.swift in Sources */,
				93BC4AFB1E4E220A00342818 /* CameraViewControllerDelegate.swift in Sources */,
				93BC4B031E4E80C500342818 /* RoundedButton.swift in Sources */,
				93BC4AFF1E4E774C00342818 /* RoundTextField.swift in Sources */,
				93BC4B111E4EA00E00342818 /* User.swift in Sources */,
				93BC4B0B1E4E97F500342818 /* DataService.swift in Sources */,
				93BC4B051E4E849D00342818 /* LoginVC.swift in Sources */,
				93792E101E32A4A1005EA341 /* AppDelegate.swift in Sources */,
				93BC4B151E4EA21E00342818 /* Constants.swift in Sources */,
				93BC4B081E4E897100342818 /* AuthService.swift in Sources */,
				93792E261E32B31C005EA341 /* PhotoCaptureDelegate.swift in Sources */,
				93792E241E32B2F8005EA341 /* CameraViewController.swift in Sources */,
				93BC4B0D1E4E9B8D00342818 /* UsersVC.swift in Sources */,
			);
			runOnlyForDeploymentPostprocessing = 0;
		};
/* End PBXSourcesBuildPhase section */

/* Begin PBXVariantGroup section */
		93792E131E32A4A1005EA341 /* Main.storyboard */ = {
			isa = PBXVariantGroup;
			children = (
				93792E141E32A4A1005EA341 /* Base */,
			);
			name = Main.storyboard;
			sourceTree = "<group>";
		};
		93792E181E32A4A1005EA341 /* LaunchScreen.storyboard */ = {
			isa = PBXVariantGroup;
			children = (
				93792E191E32A4A1005EA341 /* Base */,
			);
			name = LaunchScreen.storyboard;
			sourceTree = "<group>";
		};
/* End PBXVariantGroup section */

/* Begin XCBuildConfiguration section */
		93792E1C1E32A4A2005EA341 /* Debug */ = {
			isa = XCBuildConfiguration;
			buildSettings = {
				ALWAYS_SEARCH_USER_PATHS = NO;
				CLANG_ANALYZER_NONNULL = YES;
				CLANG_CXX_LANGUAGE_STANDARD = "gnu++0x";
				CLANG_CXX_LIBRARY = "libc++";
				CLANG_ENABLE_MODULES = YES;
				CLANG_ENABLE_OBJC_ARC = YES;
				CLANG_WARN_BOOL_CONVERSION = YES;
				CLANG_WARN_CONSTANT_CONVERSION = YES;
				CLANG_WARN_DIRECT_OBJC_ISA_USAGE = YES_ERROR;
				CLANG_WARN_DOCUMENTATION_COMMENTS = YES;
				CLANG_WARN_EMPTY_BODY = YES;
				CLANG_WARN_ENUM_CONVERSION = YES;
				CLANG_WARN_INFINITE_RECURSION = YES;
				CLANG_WARN_INT_CONVERSION = YES;
				CLANG_WARN_OBJC_ROOT_CLASS = YES_ERROR;
				CLANG_WARN_SUSPICIOUS_MOVE = YES;
				CLANG_WARN_UNREACHABLE_CODE = YES;
				CLANG_WARN__DUPLICATE_METHOD_MATCH = YES;
				"CODE_SIGN_IDENTITY[sdk=iphoneos*]" = "iPhone Developer";
				COPY_PHASE_STRIP = NO;
				DEBUG_INFORMATION_FORMAT = dwarf;
				ENABLE_STRICT_OBJC_MSGSEND = YES;
				ENABLE_TESTABILITY = YES;
				GCC_C_LANGUAGE_STANDARD = gnu99;
				GCC_DYNAMIC_NO_PIC = NO;
				GCC_NO_COMMON_BLOCKS = YES;
				GCC_OPTIMIZATION_LEVEL = 0;
				GCC_PREPROCESSOR_DEFINITIONS = (
					"DEBUG=1",
					"$(inherited)",
				);
				GCC_WARN_64_TO_32_BIT_CONVERSION = YES;
				GCC_WARN_ABOUT_RETURN_TYPE = YES_ERROR;
				GCC_WARN_UNDECLARED_SELECTOR = YES;
				GCC_WARN_UNINITIALIZED_AUTOS = YES_AGGRESSIVE;
				GCC_WARN_UNUSED_FUNCTION = YES;
				GCC_WARN_UNUSED_VARIABLE = YES;
				IPHONEOS_DEPLOYMENT_TARGET = 10.2;
				MTL_ENABLE_DEBUG_INFO = YES;
				ONLY_ACTIVE_ARCH = YES;
				SDKROOT = iphoneos;
				SWIFT_ACTIVE_COMPILATION_CONDITIONS = DEBUG;
				SWIFT_OPTIMIZATION_LEVEL = "-Onone";
				TARGETED_DEVICE_FAMILY = "1,2";
			};
			name = Debug;
		};
		93792E1D1E32A4A2005EA341 /* Release */ = {
			isa = XCBuildConfiguration;
			buildSettings = {
				ALWAYS_SEARCH_USER_PATHS = NO;
				CLANG_ANALYZER_NONNULL = YES;
				CLANG_CXX_LANGUAGE_STANDARD = "gnu++0x";
				CLANG_CXX_LIBRARY = "libc++";
				CLANG_ENABLE_MODULES = YES;
				CLANG_ENABLE_OBJC_ARC = YES;
				CLANG_WARN_BOOL_CONVERSION = YES;
				CLANG_WARN_CONSTANT_CONVERSION = YES;
				CLANG_WARN_DIRECT_OBJC_ISA_USAGE = YES_ERROR;
				CLANG_WARN_DOCUMENTATION_COMMENTS = YES;
				CLANG_WARN_EMPTY_BODY = YES;
				CLANG_WARN_ENUM_CONVERSION = YES;
				CLANG_WARN_INFINITE_RECURSION = YES;
				CLANG_WARN_INT_CONVERSION = YES;
				CLANG_WARN_OBJC_ROOT_CLASS = YES_ERROR;
				CLANG_WARN_SUSPICIOUS_MOVE = YES;
				CLANG_WARN_UNREACHABLE_CODE = YES;
				CLANG_WARN__DUPLICATE_METHOD_MATCH = YES;
				"CODE_SIGN_IDENTITY[sdk=iphoneos*]" = "iPhone Developer";
				COPY_PHASE_STRIP = NO;
				DEBUG_INFORMATION_FORMAT = "dwarf-with-dsym";
				ENABLE_NS_ASSERTIONS = NO;
				ENABLE_STRICT_OBJC_MSGSEND = YES;
				GCC_C_LANGUAGE_STANDARD = gnu99;
				GCC_NO_COMMON_BLOCKS = YES;
				GCC_WARN_64_TO_32_BIT_CONVERSION = YES;
				GCC_WARN_ABOUT_RETURN_TYPE = YES_ERROR;
				GCC_WARN_UNDECLARED_SELECTOR = YES;
				GCC_WARN_UNINITIALIZED_AUTOS = YES_AGGRESSIVE;
				GCC_WARN_UNUSED_FUNCTION = YES;
				GCC_WARN_UNUSED_VARIABLE = YES;
				IPHONEOS_DEPLOYMENT_TARGET = 10.2;
				MTL_ENABLE_DEBUG_INFO = NO;
				SDKROOT = iphoneos;
				SWIFT_OPTIMIZATION_LEVEL = "-Owholemodule";
				TARGETED_DEVICE_FAMILY = "1,2";
				VALIDATE_PRODUCT = YES;
			};
			name = Release;
		};
		93792E1F1E32A4A2005EA341 /* Debug */ = {
			isa = XCBuildConfiguration;
			baseConfigurationReference = 91FEDE2BB80E0F151E8B6051 /* Pods-SnapchatCloneFirebase.debug.xcconfig */;
			buildSettings = {
				ASSETCATALOG_COMPILER_APPICON_NAME = AppIcon;
				DEVELOPMENT_TEAM = P2GURVV2B3;
				INFOPLIST_FILE = SnapchatCloneFirebase/Info.plist;
				IPHONEOS_DEPLOYMENT_TARGET = 10.0;
				LD_RUNPATH_SEARCH_PATHS = "$(inherited) @executable_path/Frameworks";
				PRODUCT_BUNDLE_IDENTIFIER = com.YauheniIvaniuk.SnapchatCloneFirebase;
				PRODUCT_NAME = "$(TARGET_NAME)";
				SWIFT_VERSION = 3.0;
			};
			name = Debug;
		};
		93792E201E32A4A2005EA341 /* Release */ = {
			isa = XCBuildConfiguration;
			baseConfigurationReference = BC862506F03F757241CAC850 /* Pods-SnapchatCloneFirebase.release.xcconfig */;
			buildSettings = {
				ASSETCATALOG_COMPILER_APPICON_NAME = AppIcon;
				DEVELOPMENT_TEAM = P2GURVV2B3;
				INFOPLIST_FILE = SnapchatCloneFirebase/Info.plist;
				IPHONEOS_DEPLOYMENT_TARGET = 10.0;
				LD_RUNPATH_SEARCH_PATHS = "$(inherited) @executable_path/Frameworks";
				PRODUCT_BUNDLE_IDENTIFIER = com.YauheniIvaniuk.SnapchatCloneFirebase;
				PRODUCT_NAME = "$(TARGET_NAME)";
				SWIFT_VERSION = 3.0;
			};
			name = Release;
		};
/* End XCBuildConfiguration section */

/* Begin XCConfigurationList section */
		93792E071E32A4A1005EA341 /* Build configuration list for PBXProject "SnapchatCloneFirebase" */ = {
			isa = XCConfigurationList;
			buildConfigurations = (
				93792E1C1E32A4A2005EA341 /* Debug */,
				93792E1D1E32A4A2005EA341 /* Release */,
			);
			defaultConfigurationIsVisible = 0;
			defaultConfigurationName = Release;
		};
		93792E1E1E32A4A2005EA341 /* Build configuration list for PBXNativeTarget "SnapchatCloneFirebase" */ = {
			isa = XCConfigurationList;
			buildConfigurations = (
				93792E1F1E32A4A2005EA341 /* Debug */,
				93792E201E32A4A2005EA341 /* Release */,
			);
			defaultConfigurationIsVisible = 0;
			defaultConfigurationName = Release;
		};
/* End XCConfigurationList section */
	};
	rootObject = 93792E041E32A4A1005EA341 /* Project object */;
}
